// !$*UTF8*$!
{
	archiveVersion = 1;
	classes = {
	};
	objectVersion = 56;
	objects = {

/* Begin PBXBuildFile section */
		3964EB6B2A5EEC2C00388BB2 /* draftApp.swift in Sources */ = {isa = PBXBuildFile; fileRef = 3964EB6A2A5EEC2C00388BB2 /* draftApp.swift */; };
		3964EB6D2A5EEC2C00388BB2 /* ContentView.swift in Sources */ = {isa = PBXBuildFile; fileRef = 3964EB6C2A5EEC2C00388BB2 /* ContentView.swift */; };
		3964EB6F2A5EEC2E00388BB2 /* Assets.xcassets in Resources */ = {isa = PBXBuildFile; fileRef = 3964EB6E2A5EEC2E00388BB2 /* Assets.xcassets */; };
		3964EB722A5EEC2E00388BB2 /* Preview Assets.xcassets in Resources */ = {isa = PBXBuildFile; fileRef = 3964EB712A5EEC2E00388BB2 /* Preview Assets.xcassets */; };
		3964EB7C2A5EEC2E00388BB2 /* draftTests.swift in Sources */ = {isa = PBXBuildFile; fileRef = 3964EB7B2A5EEC2E00388BB2 /* draftTests.swift */; };
		3964EB862A5EEC2E00388BB2 /* draftUITests.swift in Sources */ = {isa = PBXBuildFile; fileRef = 3964EB852A5EEC2E00388BB2 /* draftUITests.swift */; };
		3964EB882A5EEC2E00388BB2 /* draftUITestsLaunchTests.swift in Sources */ = {isa = PBXBuildFile; fileRef = 3964EB872A5EEC2E00388BB2 /* draftUITestsLaunchTests.swift */; };
/* End PBXBuildFile section */

/* Begin PBXContainerItemProxy section */
		3964EB782A5EEC2E00388BB2 /* PBXContainerItemProxy */ = {
			isa = PBXContainerItemProxy;
			containerPortal = 3964EB5F2A5EEC2C00388BB2 /* Project object */;
			proxyType = 1;
			remoteGlobalIDString = 3964EB662A5EEC2C00388BB2;
			remoteInfo = draft;
		};
		3964EB822A5EEC2E00388BB2 /* PBXContainerItemProxy */ = {
			isa = PBXContainerItemProxy;
			containerPortal = 3964EB5F2A5EEC2C00388BB2 /* Project object */;
			proxyType = 1;
			remoteGlobalIDString = 3964EB662A5EEC2C00388BB2;
			remoteInfo = draft;
		};
/* End PBXContainerItemProxy section */

/* Begin PBXFileReference section */
		3964EB672A5EEC2C00388BB2 /* draft.app */ = {isa = PBXFileReference; explicitFileType = wrapper.application; includeInIndex = 0; path = draft.app; sourceTree = BUILT_PRODUCTS_DIR; };
		3964EB6A2A5EEC2C00388BB2 /* draftApp.swift */ = {isa = PBXFileReference; lastKnownFileType = sourcecode.swift; path = draftApp.swift; sourceTree = "<group>"; };
		3964EB6C2A5EEC2C00388BB2 /* ContentView.swift */ = {isa = PBXFileReference; lastKnownFileType = sourcecode.swift; path = ContentView.swift; sourceTree = "<group>"; };
		3964EB6E2A5EEC2E00388BB2 /* Assets.xcassets */ = {isa = PBXFileReference; lastKnownFileType = folder.assetcatalog; path = Assets.xcassets; sourceTree = "<group>"; };
		3964EB712A5EEC2E00388BB2 /* Preview Assets.xcassets */ = {isa = PBXFileReference; lastKnownFileType = folder.assetcatalog; path = "Preview Assets.xcassets"; sourceTree = "<group>"; };
		3964EB772A5EEC2E00388BB2 /* draftTests.xctest */ = {isa = PBXFileReference; explicitFileType = wrapper.cfbundle; includeInIndex = 0; path = draftTests.xctest; sourceTree = BUILT_PRODUCTS_DIR; };
		3964EB7B2A5EEC2E00388BB2 /* draftTests.swift */ = {isa = PBXFileReference; lastKnownFileType = sourcecode.swift; path = draftTests.swift; sourceTree = "<group>"; };
		3964EB812A5EEC2E00388BB2 /* draftUITests.xctest */ = {isa = PBXFileReference; explicitFileType = wrapper.cfbundle; includeInIndex = 0; path = draftUITests.xctest; sourceTree = BUILT_PRODUCTS_DIR; };
		3964EB852A5EEC2E00388BB2 /* draftUITests.swift */ = {isa = PBXFileReference; lastKnownFileType = sourcecode.swift; path = draftUITests.swift; sourceTree = "<group>"; };
		3964EB872A5EEC2E00388BB2 /* draftUITestsLaunchTests.swift */ = {isa = PBXFileReference; lastKnownFileType = sourcecode.swift; path = draftUITestsLaunchTests.swift; sourceTree = "<group>"; };
/* End PBXFileReference section */

/* Begin PBXFrameworksBuildPhase section */
		3964EB642A5EEC2C00388BB2 /* Frameworks */ = {
			isa = PBXFrameworksBuildPhase;
			buildActionMask = 2147483647;
			files = (
			);
			runOnlyForDeploymentPostprocessing = 0;
		};
		3964EB742A5EEC2E00388BB2 /* Frameworks */ = {
			isa = PBXFrameworksBuildPhase;
			buildActionMask = 2147483647;
			files = (
			);
			runOnlyForDeploymentPostprocessing = 0;
		};
		3964EB7E2A5EEC2E00388BB2 /* Frameworks */ = {
			isa = PBXFrameworksBuildPhase;
			buildActionMask = 2147483647;
			files = (
			);
			runOnlyForDeploymentPostprocessing = 0;
		};
/* End PBXFrameworksBuildPhase section */

/* Begin PBXGroup section */
		3964EB5E2A5EEC2C00388BB2 = {
			isa = PBXGroup;
			children = (
				3964EB692A5EEC2C00388BB2 /* draft */,
				3964EB7A2A5EEC2E00388BB2 /* draftTests */,
				3964EB842A5EEC2E00388BB2 /* draftUITests */,
				3964EB682A5EEC2C00388BB2 /* Products */,
			);
			sourceTree = "<group>";
		};
		3964EB682A5EEC2C00388BB2 /* Products */ = {
			isa = PBXGroup;
			children = (
				3964EB672A5EEC2C00388BB2 /* draft.app */,
				3964EB772A5EEC2E00388BB2 /* draftTests.xctest */,
				3964EB812A5EEC2E00388BB2 /* draftUITests.xctest */,
			);
			name = Products;
			sourceTree = "<group>";
		};
		3964EB692A5EEC2C00388BB2 /* draft */ = {
			isa = PBXGroup;
			children = (
				3964EB6A2A5EEC2C00388BB2 /* draftApp.swift */,
				3964EB6C2A5EEC2C00388BB2 /* ContentView.swift */,
				3964EB6E2A5EEC2E00388BB2 /* Assets.xcassets */,
				3964EB702A5EEC2E00388BB2 /* Preview Content */,
			);
			path = draft;
			sourceTree = "<group>";
		};
		3964EB702A5EEC2E00388BB2 /* Preview Content */ = {
			isa = PBXGroup;
			children = (
				3964EB712A5EEC2E00388BB2 /* Preview Assets.xcassets */,
			);
			path = "Preview Content";
			sourceTree = "<group>";
		};
		3964EB7A2A5EEC2E00388BB2 /* draftTests */ = {
			isa = PBXGroup;
			children = (
				3964EB7B2A5EEC2E00388BB2 /* draftTests.swift */,
			);
			path = draftTests;
			sourceTree = "<group>";
		};
		3964EB842A5EEC2E00388BB2 /* draftUITests */ = {
			isa = PBXGroup;
			children = (
				3964EB852A5EEC2E00388BB2 /* draftUITests.swift */,
				3964EB872A5EEC2E00388BB2 /* draftUITestsLaunchTests.swift */,
			);
			path = draftUITests;
			sourceTree = "<group>";
		};
/* End PBXGroup section */

/* Begin PBXNativeTarget section */
		3964EB662A5EEC2C00388BB2 /* draft */ = {
			isa = PBXNativeTarget;
			buildConfigurationList = 3964EB8B2A5EEC2E00388BB2 /* Build configuration list for PBXNativeTarget "draft" */;
			buildPhases = (
				3964EB632A5EEC2C00388BB2 /* Sources */,
				3964EB642A5EEC2C00388BB2 /* Frameworks */,
				3964EB652A5EEC2C00388BB2 /* Resources */,
			);
			buildRules = (
			);
			dependencies = (
			);
			name = draft;
			productName = draft;
			productReference = 3964EB672A5EEC2C00388BB2 /* draft.app */;
			productType = "com.apple.product-type.application";
		};
		3964EB762A5EEC2E00388BB2 /* draftTests */ = {
			isa = PBXNativeTarget;
			buildConfigurationList = 3964EB8E2A5EEC2E00388BB2 /* Build configuration list for PBXNativeTarget "draftTests" */;
			buildPhases = (
				3964EB732A5EEC2E00388BB2 /* Sources */,
				3964EB742A5EEC2E00388BB2 /* Frameworks */,
				3964EB752A5EEC2E00388BB2 /* Resources */,
			);
			buildRules = (
			);
			dependencies = (
				3964EB792A5EEC2E00388BB2 /* PBXTargetDependency */,
			);
			name = draftTests;
			productName = draftTests;
			productReference = 3964EB772A5EEC2E00388BB2 /* draftTests.xctest */;
			productType = "com.apple.product-type.bundle.unit-test";
		};
		3964EB802A5EEC2E00388BB2 /* draftUITests */ = {
			isa = PBXNativeTarget;
			buildConfigurationList = 3964EB912A5EEC2E00388BB2 /* Build configuration list for PBXNativeTarget "draftUITests" */;
			buildPhases = (
				3964EB7D2A5EEC2E00388BB2 /* Sources */,
				3964EB7E2A5EEC2E00388BB2 /* Frameworks */,
				3964EB7F2A5EEC2E00388BB2 /* Resources */,
			);
			buildRules = (
			);
			dependencies = (
				3964EB832A5EEC2E00388BB2 /* PBXTargetDependency */,
			);
			name = draftUITests;
			productName = draftUITests;
			productReference = 3964EB812A5EEC2E00388BB2 /* draftUITests.xctest */;
			productType = "com.apple.product-type.bundle.ui-testing";
		};
/* End PBXNativeTarget section */

/* Begin PBXProject section */
		3964EB5F2A5EEC2C00388BB2 /* Project object */ = {
			isa = PBXProject;
			attributes = {
				BuildIndependentTargetsInParallel = 1;
				LastSwiftUpdateCheck = 1430;
				LastUpgradeCheck = 1430;
				TargetAttributes = {
					3964EB662A5EEC2C00388BB2 = {
						CreatedOnToolsVersion = 14.3.1;
					};
					3964EB762A5EEC2E00388BB2 = {
						CreatedOnToolsVersion = 14.3.1;
						TestTargetID = 3964EB662A5EEC2C00388BB2;
					};
					3964EB802A5EEC2E00388BB2 = {
						CreatedOnToolsVersion = 14.3.1;
						TestTargetID = 3964EB662A5EEC2C00388BB2;
					};
				};
			};
			buildConfigurationList = 3964EB622A5EEC2C00388BB2 /* Build configuration list for PBXProject "draft" */;
			compatibilityVersion = "Xcode 14.0";
			developmentRegion = en;
			hasScannedForEncodings = 0;
			knownRegions = (
				en,
				Base,
			);
			mainGroup = 3964EB5E2A5EEC2C00388BB2;
			productRefGroup = 3964EB682A5EEC2C00388BB2 /* Products */;
			projectDirPath = "";
			projectRoot = "";
			targets = (
				3964EB662A5EEC2C00388BB2 /* draft */,
				3964EB762A5EEC2E00388BB2 /* draftTests */,
				3964EB802A5EEC2E00388BB2 /* draftUITests */,
			);
		};
/* End PBXProject section */

/* Begin PBXResourcesBuildPhase section */
		3964EB652A5EEC2C00388BB2 /* Resources */ = {
			isa = PBXResourcesBuildPhase;
			buildActionMask = 2147483647;
			files = (
				3964EB722A5EEC2E00388BB2 /* Preview Assets.xcassets in Resources */,
				3964EB6F2A5EEC2E00388BB2 /* Assets.xcassets in Resources */,
			);
			runOnlyForDeploymentPostprocessing = 0;
		};
		3964EB752A5EEC2E00388BB2 /* Resources */ = {
			isa = PBXResourcesBuildPhase;
			buildActionMask = 2147483647;
			files = (
			);
			runOnlyForDeploymentPostprocessing = 0;
		};
		3964EB7F2A5EEC2E00388BB2 /* Resources */ = {
			isa = PBXResourcesBuildPhase;
			buildActionMask = 2147483647;
			files = (
			);
			runOnlyForDeploymentPostprocessing = 0;
		};
/* End PBXResourcesBuildPhase section */

/* Begin PBXSourcesBuildPhase section */
		3964EB632A5EEC2C00388BB2 /* Sources */ = {
			isa = PBXSourcesBuildPhase;
			buildActionMask = 2147483647;
			files = (
				3964EB6D2A5EEC2C00388BB2 /* ContentView.swift in Sources */,
				3964EB6B2A5EEC2C00388BB2 /* draftApp.swift in Sources */,
			);
			runOnlyForDeploymentPostprocessing = 0;
		};
		3964EB732A5EEC2E00388BB2 /* Sources */ = {
			isa = PBXSourcesBuildPhase;
			buildActionMask = 2147483647;
			files = (
				3964EB7C2A5EEC2E00388BB2 /* draftTests.swift in Sources */,
			);
			runOnlyForDeploymentPostprocessing = 0;
		};
		3964EB7D2A5EEC2E00388BB2 /* Sources */ = {
			isa = PBXSourcesBuildPhase;
			buildActionMask = 2147483647;
			files = (
				3964EB882A5EEC2E00388BB2 /* draftUITestsLaunchTests.swift in Sources */,
				3964EB862A5EEC2E00388BB2 /* draftUITests.swift in Sources */,
			);
			runOnlyForDeploymentPostprocessing = 0;
		};
/* End PBXSourcesBuildPhase section */

/* Begin PBXTargetDependency section */
		3964EB792A5EEC2E00388BB2 /* PBXTargetDependency */ = {
			isa = PBXTargetDependency;
			target = 3964EB662A5EEC2C00388BB2 /* draft */;
			targetProxy = 3964EB782A5EEC2E00388BB2 /* PBXContainerItemProxy */;
		};
		3964EB832A5EEC2E00388BB2 /* PBXTargetDependency */ = {
			isa = PBXTargetDependency;
			target = 3964EB662A5EEC2C00388BB2 /* draft */;
			targetProxy = 3964EB822A5EEC2E00388BB2 /* PBXContainerItemProxy */;
		};
/* End PBXTargetDependency section */

/* Begin XCBuildConfiguration section */
		3964EB892A5EEC2E00388BB2 /* Debug */ = {
			isa = XCBuildConfiguration;
			buildSettings = {
				ALWAYS_SEARCH_USER_PATHS = NO;
				CLANG_ANALYZER_NONNULL = YES;
				CLANG_ANALYZER_NUMBER_OBJECT_CONVERSION = YES_AGGRESSIVE;
				CLANG_CXX_LANGUAGE_STANDARD = "gnu++20";
				CLANG_ENABLE_MODULES = YES;
				CLANG_ENABLE_OBJC_ARC = YES;
				CLANG_ENABLE_OBJC_WEAK = YES;
				CLANG_WARN_BLOCK_CAPTURE_AUTORELEASING = YES;
				CLANG_WARN_BOOL_CONVERSION = YES;
				CLANG_WARN_COMMA = YES;
				CLANG_WARN_CONSTANT_CONVERSION = YES;
				CLANG_WARN_DEPRECATED_OBJC_IMPLEMENTATIONS = YES;
				CLANG_WARN_DIRECT_OBJC_ISA_USAGE = YES_ERROR;
				CLANG_WARN_DOCUMENTATION_COMMENTS = YES;
				CLANG_WARN_EMPTY_BODY = YES;
				CLANG_WARN_ENUM_CONVERSION = YES;
				CLANG_WARN_INFINITE_RECURSION = YES;
				CLANG_WARN_INT_CONVERSION = YES;
				CLANG_WARN_NON_LITERAL_NULL_CONVERSION = YES;
				CLANG_WARN_OBJC_IMPLICIT_RETAIN_SELF = YES;
				CLANG_WARN_OBJC_LITERAL_CONVERSION = YES;
				CLANG_WARN_OBJC_ROOT_CLASS = YES_ERROR;
				CLANG_WARN_QUOTED_INCLUDE_IN_FRAMEWORK_HEADER = YES;
				CLANG_WARN_RANGE_LOOP_ANALYSIS = YES;
				CLANG_WARN_STRICT_PROTOTYPES = YES;
				CLANG_WARN_SUSPICIOUS_MOVE = YES;
				CLANG_WARN_UNGUARDED_AVAILABILITY = YES_AGGRESSIVE;
				CLANG_WARN_UNREACHABLE_CODE = YES;
				CLANG_WARN__DUPLICATE_METHOD_MATCH = YES;
				COPY_PHASE_STRIP = NO;
				DEBUG_INFORMATION_FORMAT = dwarf;
				ENABLE_STRICT_OBJC_MSGSEND = YES;
				ENABLE_TESTABILITY = YES;
				GCC_C_LANGUAGE_STANDARD = gnu11;
				GCC_DYNAMIC_NO_PIC = NO;
				GCC_NO_COMMON_BLOCKS = YES;
				GCC_OPTIMIZATION_LEVEL = 0;
				GCC_PREPROCESSOR_DEFINITIONS = (
					"DEBUG=1",
					"$(inherited)",
				);
				GCC_WARN_64_TO_32_BIT_CONVERSION = YES;
				GCC_WARN_ABOUT_RETURN_TYPE = YES_ERROR;
				GCC_WARN_UNDECLARED_SELECTOR = YES;
				GCC_WARN_UNINITIALIZED_AUTOS = YES_AGGRESSIVE;
				GCC_WARN_UNUSED_FUNCTION = YES;
				GCC_WARN_UNUSED_VARIABLE = YES;
				IPHONEOS_DEPLOYMENT_TARGET = 16.4;
				MTL_ENABLE_DEBUG_INFO = INCLUDE_SOURCE;
				MTL_FAST_MATH = YES;
				ONLY_ACTIVE_ARCH = YES;
				SDKROOT = iphoneos;
				SWIFT_ACTIVE_COMPILATION_CONDITIONS = DEBUG;
				SWIFT_OPTIMIZATION_LEVEL = "-Onone";
			};
			name = Debug;
		};
		3964EB8A2A5EEC2E00388BB2 /* Release */ = {
			isa = XCBuildConfiguration;
			buildSettings = {
				ALWAYS_SEARCH_USER_PATHS = NO;
				CLANG_ANALYZER_NONNULL = YES;
				CLANG_ANALYZER_NUMBER_OBJECT_CONVERSION = YES_AGGRESSIVE;
				CLANG_CXX_LANGUAGE_STANDARD = "gnu++20";
				CLANG_ENABLE_MODULES = YES;
				CLANG_ENABLE_OBJC_ARC = YES;
				CLANG_ENABLE_OBJC_WEAK = YES;
				CLANG_WARN_BLOCK_CAPTURE_AUTORELEASING = YES;
				CLANG_WARN_BOOL_CONVERSION = YES;
				CLANG_WARN_COMMA = YES;
				CLANG_WARN_CONSTANT_CONVERSION = YES;
				CLANG_WARN_DEPRECATED_OBJC_IMPLEMENTATIONS = YES;
				CLANG_WARN_DIRECT_OBJC_ISA_USAGE = YES_ERROR;
				CLANG_WARN_DOCUMENTATION_COMMENTS = YES;
				CLANG_WARN_EMPTY_BODY = YES;
				CLANG_WARN_ENUM_CONVERSION = YES;
				CLANG_WARN_INFINITE_RECURSION = YES;
				CLANG_WARN_INT_CONVERSION = YES;
				CLANG_WARN_NON_LITERAL_NULL_CONVERSION = YES;
				CLANG_WARN_OBJC_IMPLICIT_RETAIN_SELF = YES;
				CLANG_WARN_OBJC_LITERAL_CONVERSION = YES;
				CLANG_WARN_OBJC_ROOT_CLASS = YES_ERROR;
				CLANG_WARN_QUOTED_INCLUDE_IN_FRAMEWORK_HEADER = YES;
				CLANG_WARN_RANGE_LOOP_ANALYSIS = YES;
				CLANG_WARN_STRICT_PROTOTYPES = YES;
				CLANG_WARN_SUSPICIOUS_MOVE = YES;
				CLANG_WARN_UNGUARDED_AVAILABILITY = YES_AGGRESSIVE;
				CLANG_WARN_UNREACHABLE_CODE = YES;
				CLANG_WARN__DUPLICATE_METHOD_MATCH = YES;
				COPY_PHASE_STRIP = NO;
				DEBUG_INFORMATION_FORMAT = "dwarf-with-dsym";
				ENABLE_NS_ASSERTIONS = NO;
				ENABLE_STRICT_OBJC_MSGSEND = YES;
				GCC_C_LANGUAGE_STANDARD = gnu11;
				GCC_NO_COMMON_BLOCKS = YES;
				GCC_WARN_64_TO_32_BIT_CONVERSION = YES;
				GCC_WARN_ABOUT_RETURN_TYPE = YES_ERROR;
				GCC_WARN_UNDECLARED_SELECTOR = YES;
				GCC_WARN_UNINITIALIZED_AUTOS = YES_AGGRESSIVE;
				GCC_WARN_UNUSED_FUNCTION = YES;
				GCC_WARN_UNUSED_VARIABLE = YES;
				IPHONEOS_DEPLOYMENT_TARGET = 16.4;
				MTL_ENABLE_DEBUG_INFO = NO;
				MTL_FAST_MATH = YES;
				SDKROOT = iphoneos;
				SWIFT_COMPILATION_MODE = wholemodule;
				SWIFT_OPTIMIZATION_LEVEL = "-O";
				VALIDATE_PRODUCT = YES;
			};
			name = Release;
		};
		3964EB8C2A5EEC2E00388BB2 /* Debug */ = {
			isa = XCBuildConfiguration;
			buildSettings = {
				ASSETCATALOG_COMPILER_APPICON_NAME = AppIcon;
				ASSETCATALOG_COMPILER_GLOBAL_ACCENT_COLOR_NAME = AccentColor;
				CODE_SIGN_STYLE = Automatic;
				CURRENT_PROJECT_VERSION = 1;
				DEVELOPMENT_ASSET_PATHS = "\"draft/Preview Content\"";
				ENABLE_PREVIEWS = YES;
				GENERATE_INFOPLIST_FILE = YES;
				INFOPLIST_KEY_UIApplicationSceneManifest_Generation = YES;
				INFOPLIST_KEY_UIApplicationSupportsIndirectInputEvents = YES;
				INFOPLIST_KEY_UILaunchScreen_Generation = YES;
				INFOPLIST_KEY_UISupportedInterfaceOrientations_iPad = "UIInterfaceOrientationPortrait UIInterfaceOrientationPortraitUpsideDown UIInterfaceOrientationLandscapeLeft UIInterfaceOrientationLandscapeRight";
				INFOPLIST_KEY_UISupportedInterfaceOrientations_iPhone = "UIInterfaceOrientationPortrait UIInterfaceOrientationLandscapeLeft UIInterfaceOrientationLandscapeRight";
				LD_RUNPATH_SEARCH_PATHS = (
					"$(inherited)",
					"@executable_path/Frameworks",
				);
				MARKETING_VERSION = 1.0;
				PRODUCT_BUNDLE_IDENTIFIER = kwk.draft;
				PRODUCT_NAME = "$(TARGET_NAME)";
				SWIFT_EMIT_LOC_STRINGS = YES;
				SWIFT_VERSION = 5.0;
				TARGETED_DEVICE_FAMILY = "1,2";
			};
			name = Debug;
		};
		3964EB8D2A5EEC2E00388BB2 /* Release */ = {
			isa = XCBuildConfiguration;
			buildSettings = {
				ASSETCATALOG_COMPILER_APPICON_NAME = AppIcon;
				ASSETCATALOG_COMPILER_GLOBAL_ACCENT_COLOR_NAME = AccentColor;
				CODE_SIGN_STYLE = Automatic;
				CURRENT_PROJECT_VERSION = 1;
				DEVELOPMENT_ASSET_PATHS = "\"draft/Preview Content\"";
				ENABLE_PREVIEWS = YES;
				GENERATE_INFOPLIST_FILE = YES;
				INFOPLIST_KEY_UIApplicationSceneManifest_Generation = YES;
				INFOPLIST_KEY_UIApplicationSupportsIndirectInputEvents = YES;
				INFOPLIST_KEY_UILaunchScreen_Generation = YES;
				INFOPLIST_KEY_UISupportedInterfaceOrientations_iPad = "UIInterfaceOrientationPortrait UIInterfaceOrientationPortraitUpsideDown UIInterfaceOrientationLandscapeLeft UIInterfaceOrientationLandscapeRight";
				INFOPLIST_KEY_UISupportedInterfaceOrientations_iPhone = "UIInterfaceOrientationPortrait UIInterfaceOrientationLandscapeLeft UIInterfaceOrientationLandscapeRight";
				LD_RUNPATH_SEARCH_PATHS = (
					"$(inherited)",
					"@executable_path/Frameworks",
				);
				MARKETING_VERSION = 1.0;
				PRODUCT_BUNDLE_IDENTIFIER = kwk.draft;
				PRODUCT_NAME = "$(TARGET_NAME)";
				SWIFT_EMIT_LOC_STRINGS = YES;
				SWIFT_VERSION = 5.0;
				TARGETED_DEVICE_FAMILY = "1,2";
			};
			name = Release;
		};
		3964EB8F2A5EEC2E00388BB2 /* Debug */ = {
			isa = XCBuildConfiguration;
			buildSettings = {
				ALWAYS_EMBED_SWIFT_STANDARD_LIBRARIES = YES;
				BUNDLE_LOADER = "$(TEST_HOST)";
				CODE_SIGN_STYLE = Automatic;
				CURRENT_PROJECT_VERSION = 1;
				GENERATE_INFOPLIST_FILE = YES;
				IPHONEOS_DEPLOYMENT_TARGET = 16.4;
				MARKETING_VERSION = 1.0;
				PRODUCT_BUNDLE_IDENTIFIER = kwk.draftTests;
				PRODUCT_NAME = "$(TARGET_NAME)";
				SWIFT_EMIT_LOC_STRINGS = NO;
				SWIFT_VERSION = 5.0;
				TARGETED_DEVICE_FAMILY = "1,2";
				TEST_HOST = "$(BUILT_PRODUCTS_DIR)/draft.app/$(BUNDLE_EXECUTABLE_FOLDER_PATH)/draft";
			};
			name = Debug;
		};
		3964EB902A5EEC2E00388BB2 /* Release */ = {
			isa = XCBuildConfiguration;
			buildSettings = {
				ALWAYS_EMBED_SWIFT_STANDARD_LIBRARIES = YES;
				BUNDLE_LOADER = "$(TEST_HOST)";
				CODE_SIGN_STYLE = Automatic;
				CURRENT_PROJECT_VERSION = 1;
				GENERATE_INFOPLIST_FILE = YES;
				IPHONEOS_DEPLOYMENT_TARGET = 16.4;
				MARKETING_VERSION = 1.0;
				PRODUCT_BUNDLE_IDENTIFIER = kwk.draftTests;
				PRODUCT_NAME = "$(TARGET_NAME)";
				SWIFT_EMIT_LOC_STRINGS = NO;
				SWIFT_VERSION = 5.0;
				TARGETED_DEVICE_FAMILY = "1,2";
				TEST_HOST = "$(BUILT_PRODUCTS_DIR)/draft.app/$(BUNDLE_EXECUTABLE_FOLDER_PATH)/draft";
			};
			name = Release;
		};
		3964EB922A5EEC2E00388BB2 /* Debug */ = {
			isa = XCBuildConfiguration;
			buildSettings = {
				ALWAYS_EMBED_SWIFT_STANDARD_LIBRARIES = YES;
				CODE_SIGN_STYLE = Automatic;
				CURRENT_PROJECT_VERSION = 1;
				GENERATE_INFOPLIST_FILE = YES;
				MARKETING_VERSION = 1.0;
				PRODUCT_BUNDLE_IDENTIFIER = kwk.draftUITests;
				PRODUCT_NAME = "$(TARGET_NAME)";
				SWIFT_EMIT_LOC_STRINGS = NO;
				SWIFT_VERSION = 5.0;
				TARGETED_DEVICE_FAMILY = "1,2";
				TEST_TARGET_NAME = draft;
			};
			name = Debug;
		};
		3964EB932A5EEC2E00388BB2 /* Release */ = {
			isa = XCBuildConfiguration;
			buildSettings = {
				ALWAYS_EMBED_SWIFT_STANDARD_LIBRARIES = YES;
				CODE_SIGN_STYLE = Automatic;
				CURRENT_PROJECT_VERSION = 1;
				GENERATE_INFOPLIST_FILE = YES;
				MARKETING_VERSION = 1.0;
				PRODUCT_BUNDLE_IDENTIFIER = kwk.draftUITests;
				PRODUCT_NAME = "$(TARGET_NAME)";
				SWIFT_EMIT_LOC_STRINGS = NO;
				SWIFT_VERSION = 5.0;
				TARGETED_DEVICE_FAMILY = "1,2";
				TEST_TARGET_NAME = draft;
			};
			name = Release;
		};
/* End XCBuildConfiguration section */

/* Begin XCConfigurationList section */
		3964EB622A5EEC2C00388BB2 /* Build configuration list for PBXProject "draft" */ = {
			isa = XCConfigurationList;
			buildConfigurations = (
				3964EB892A5EEC2E00388BB2 /* Debug */,
				3964EB8A2A5EEC2E00388BB2 /* Release */,
			);
			defaultConfigurationIsVisible = 0;
			defaultConfigurationName = Release;
		};
		3964EB8B2A5EEC2E00388BB2 /* Build configuration list for PBXNativeTarget "draft" */ = {
			isa = XCConfigurationList;
			buildConfigurations = (
				3964EB8C2A5EEC2E00388BB2 /* Debug */,
				3964EB8D2A5EEC2E00388BB2 /* Release */,
			);
			defaultConfigurationIsVisible = 0;
			defaultConfigurationName = Release;
		};
		3964EB8E2A5EEC2E00388BB2 /* Build configuration list for PBXNativeTarget "draftTests" */ = {
			isa = XCConfigurationList;
			buildConfigurations = (
				3964EB8F2A5EEC2E00388BB2 /* Debug */,
				3964EB902A5EEC2E00388BB2 /* Release */,
			);
			defaultConfigurationIsVisible = 0;
			defaultConfigurationName = Release;
		};
		3964EB912A5EEC2E00388BB2 /* Build configuration list for PBXNativeTarget "draftUITests" */ = {
			isa = XCConfigurationList;
			buildConfigurations = (
				3964EB922A5EEC2E00388BB2 /* Debug */,
				3964EB932A5EEC2E00388BB2 /* Release */,
			);
			defaultConfigurationIsVisible = 0;
			defaultConfigurationName = Release;
		};
/* End XCConfigurationList section */
	};
	rootObject = 3964EB5F2A5EEC2C00388BB2 /* Project object */;
}
